
Microsoft Visual Studio Solution File, Format Version 12.00
# Visual Studio Version 17
VisualStudioVersion = 17.11.35222.181
MinimumVisualStudioVersion = 10.0.40219.1
Project("{FAE04EC0-301F-11D3-BF4B-00C04F79EFBC}") = "Flashcards", "Flashcards\Flashcards.csproj", "{9DE15DB5-0364-4084-A270-41062321A1C7}"
EndProject
Global
	GlobalSection(SolutionConfigurationPlatforms) = preSolution
		Debug|Any CPU = Debug|Any CPU
		Release|Any CPU = Release|Any CPU
	EndGlobalSection
	GlobalSection(ProjectConfigurationPlatforms) = postSolution
		{9DE15DB5-0364-4084-A270-41062321A1C7}.Debug|Any CPU.ActiveCfg = Debug|Any CPU
		{9DE15DB5-0364-4084-A270-41062321A1C7}.Debug|Any CPU.Build.0 = Debug|Any CPU
		{9DE15DB5-0364-4084-A270-41062321A1C7}.Release|Any CPU.ActiveCfg = Release|Any CPU
		{9DE15DB5-0364-4084-A270-41062321A1C7}.Release|Any CPU.Build.0 = Release|Any CPU
	EndGlobalSection
	GlobalSection(SolutionProperties) = preSolution
		HideSolutionNode = FALSE
	EndGlobalSection
	GlobalSection(ExtensibilityGlobals) = postSolution
		SolutionGuid = {5DCC7C6C-C1FA-4F47-805C-20C6D73C5736}
	EndGlobalSection
EndGlobal
